// !$*UTF8*$!
{
	archiveVersion = 1;
	classes = {
	};
	objectVersion = 51;
	objects = {

/* Begin PBXBuildFile section */
		58396ED72487E856005A2E83 /* AppDelegate.swift in Sources */ = {isa = PBXBuildFile; fileRef = 58396ED62487E856005A2E83 /* AppDelegate.swift */; };
		58396ED92487E856005A2E83 /* SceneDelegate.swift in Sources */ = {isa = PBXBuildFile; fileRef = 58396ED82487E856005A2E83 /* SceneDelegate.swift */; };
		58396EDB2487E856005A2E83 /* ProfileVC.swift in Sources */ = {isa = PBXBuildFile; fileRef = 58396EDA2487E856005A2E83 /* ProfileVC.swift */; };
		58396EE02487E859005A2E83 /* Assets.xcassets in Resources */ = {isa = PBXBuildFile; fileRef = 58396EDF2487E859005A2E83 /* Assets.xcassets */; };
		58396EE32487E859005A2E83 /* LaunchScreen.storyboard in Resources */ = {isa = PBXBuildFile; fileRef = 58396EE12487E859005A2E83 /* LaunchScreen.storyboard */; };
		58396EEB2487EDBF005A2E83 /* ViewAnchorExtension.swift in Sources */ = {isa = PBXBuildFile; fileRef = 58396EEA2487EDBF005A2E83 /* ViewAnchorExtension.swift */; };
		583F7A2A248AE6AB00F349C3 /* email_title.json in Resources */ = {isa = PBXBuildFile; fileRef = 583F7A29248AE6AB00F349C3 /* email_title.json */; };
		583F7A2C248AF50B00F349C3 /* email1.json in Resources */ = {isa = PBXBuildFile; fileRef = 583F7A2B248AF50B00F349C3 /* email1.json */; };
		584D4BBA248BDF7800731872 /* person.json in Resources */ = {isa = PBXBuildFile; fileRef = 584D4BB9248BDF7800731872 /* person.json */; };
		58CE20DF248D870D0092D9A0 /* ProfileHeader.swift in Sources */ = {isa = PBXBuildFile; fileRef = 58CE20DE248D870D0092D9A0 /* ProfileHeader.swift */; };
		FC2D4EB0C3F801636EE70747 /* Pods_Photo_Gallery.framework in Frameworks */ = {isa = PBXBuildFile; fileRef = 582EF110AC5749FEA773EFF1 /* Pods_Photo_Gallery.framework */; };
/* End PBXBuildFile section */

/* Begin PBXFileReference section */
		3C8746F1043C807660E43EA9 /* Pods-Photo Gallery.debug.xcconfig */ = {isa = PBXFileReference; includeInIndex = 1; lastKnownFileType = text.xcconfig; name = "Pods-Photo Gallery.debug.xcconfig"; path = "Target Support Files/Pods-Photo Gallery/Pods-Photo Gallery.debug.xcconfig"; sourceTree = "<group>"; };
		582EF110AC5749FEA773EFF1 /* Pods_Photo_Gallery.framework */ = {isa = PBXFileReference; explicitFileType = wrapper.framework; includeInIndex = 0; path = Pods_Photo_Gallery.framework; sourceTree = BUILT_PRODUCTS_DIR; };
		58396ED32487E856005A2E83 /* Photo Gallery.app */ = {isa = PBXFileReference; explicitFileType = wrapper.application; includeInIndex = 0; path = "Photo Gallery.app"; sourceTree = BUILT_PRODUCTS_DIR; };
		58396ED62487E856005A2E83 /* AppDelegate.swift */ = {isa = PBXFileReference; lastKnownFileType = sourcecode.swift; path = AppDelegate.swift; sourceTree = "<group>"; };
		58396ED82487E856005A2E83 /* SceneDelegate.swift */ = {isa = PBXFileReference; lastKnownFileType = sourcecode.swift; path = SceneDelegate.swift; sourceTree = "<group>"; };
		58396EDA2487E856005A2E83 /* ProfileVC.swift */ = {isa = PBXFileReference; lastKnownFileType = sourcecode.swift; path = ProfileVC.swift; sourceTree = "<group>"; };
		58396EDF2487E859005A2E83 /* Assets.xcassets */ = {isa = PBXFileReference; lastKnownFileType = folder.assetcatalog; path = Assets.xcassets; sourceTree = "<group>"; };
		58396EE22487E859005A2E83 /* Base */ = {isa = PBXFileReference; lastKnownFileType = file.storyboard; name = Base; path = Base.lproj/LaunchScreen.storyboard; sourceTree = "<group>"; };
		58396EE42487E859005A2E83 /* Info.plist */ = {isa = PBXFileReference; lastKnownFileType = text.plist.xml; path = Info.plist; sourceTree = "<group>"; };
		58396EEA2487EDBF005A2E83 /* ViewAnchorExtension.swift */ = {isa = PBXFileReference; lastKnownFileType = sourcecode.swift; path = ViewAnchorExtension.swift; sourceTree = "<group>"; };
		583F7A29248AE6AB00F349C3 /* email_title.json */ = {isa = PBXFileReference; fileEncoding = 4; lastKnownFileType = text.json; path = email_title.json; sourceTree = "<group>"; };
		583F7A2B248AF50B00F349C3 /* email1.json */ = {isa = PBXFileReference; fileEncoding = 4; lastKnownFileType = text.json; path = email1.json; sourceTree = "<group>"; };
		584D4BB9248BDF7800731872 /* person.json */ = {isa = PBXFileReference; fileEncoding = 4; lastKnownFileType = text.json; path = person.json; sourceTree = "<group>"; };
		58CE20DE248D870D0092D9A0 /* ProfileHeader.swift */ = {isa = PBXFileReference; lastKnownFileType = sourcecode.swift; path = ProfileHeader.swift; sourceTree = "<group>"; };
		9B4763E2441298FD1C3F1CF1 /* Pods-Photo Gallery.release.xcconfig */ = {isa = PBXFileReference; includeInIndex = 1; lastKnownFileType = text.xcconfig; name = "Pods-Photo Gallery.release.xcconfig"; path = "Target Support Files/Pods-Photo Gallery/Pods-Photo Gallery.release.xcconfig"; sourceTree = "<group>"; };
/* End PBXFileReference section */

/* Begin PBXFrameworksBuildPhase section */
		58396ED02487E856005A2E83 /* Frameworks */ = {
			isa = PBXFrameworksBuildPhase;
			buildActionMask = 2147483647;
			files = (
				FC2D4EB0C3F801636EE70747 /* Pods_Photo_Gallery.framework in Frameworks */,
			);
			runOnlyForDeploymentPostprocessing = 0;
		};
/* End PBXFrameworksBuildPhase section */

/* Begin PBXGroup section */
		18F1EE3A4AEDC6648E55DC82 /* Pods */ = {
			isa = PBXGroup;
			children = (
				3C8746F1043C807660E43EA9 /* Pods-Photo Gallery.debug.xcconfig */,
				9B4763E2441298FD1C3F1CF1 /* Pods-Photo Gallery.release.xcconfig */,
			);
			path = Pods;
			sourceTree = "<group>";
		};
		58396ECA2487E856005A2E83 = {
			isa = PBXGroup;
			children = (
				58396ED52487E856005A2E83 /* Photo Gallery */,
				58396ED42487E856005A2E83 /* Products */,
				18F1EE3A4AEDC6648E55DC82 /* Pods */,
				B9AFBC7E27A004C5374A6DE5 /* Frameworks */,
			);
			sourceTree = "<group>";
		};
		58396ED42487E856005A2E83 /* Products */ = {
			isa = PBXGroup;
			children = (
				58396ED32487E856005A2E83 /* Photo Gallery.app */,
			);
			name = Products;
			sourceTree = "<group>";
		};
		58396ED52487E856005A2E83 /* Photo Gallery */ = {
			isa = PBXGroup;
			children = (
				58396ED62487E856005A2E83 /* AppDelegate.swift */,
				58396ED82487E856005A2E83 /* SceneDelegate.swift */,
				58396EEA2487EDBF005A2E83 /* ViewAnchorExtension.swift */,
				58396EDA2487E856005A2E83 /* ProfileVC.swift */,
				58CE20DE248D870D0092D9A0 /* ProfileHeader.swift */,
				58396EDF2487E859005A2E83 /* Assets.xcassets */,
				583F7A2B248AF50B00F349C3 /* email1.json */,
				584D4BB9248BDF7800731872 /* person.json */,
				583F7A29248AE6AB00F349C3 /* email_title.json */,
				58396EE12487E859005A2E83 /* LaunchScreen.storyboard */,
				58396EE42487E859005A2E83 /* Info.plist */,
			);
			path = "Photo Gallery";
			sourceTree = "<group>";
		};
		B9AFBC7E27A004C5374A6DE5 /* Frameworks */ = {
			isa = PBXGroup;
			children = (
				582EF110AC5749FEA773EFF1 /* Pods_Photo_Gallery.framework */,
			);
			name = Frameworks;
			sourceTree = "<group>";
		};
/* End PBXGroup section */

/* Begin PBXNativeTarget section */
		58396ED22487E856005A2E83 /* Photo Gallery */ = {
			isa = PBXNativeTarget;
			buildConfigurationList = 58396EE72487E859005A2E83 /* Build configuration list for PBXNativeTarget "Photo Gallery" */;
			buildPhases = (
				6CD5B5E986927C03F19BF7C3 /* [CP] Check Pods Manifest.lock */,
				58396ECF2487E856005A2E83 /* Sources */,
				58396ED02487E856005A2E83 /* Frameworks */,
				58396ED12487E856005A2E83 /* Resources */,
				72459FF008195C1E2D71EFF1 /* [CP] Embed Pods Frameworks */,
			);
			buildRules = (
			);
			dependencies = (
			);
			name = "Photo Gallery";
			productName = "Photo Gallery";
			productReference = 58396ED32487E856005A2E83 /* Photo Gallery.app */;
			productType = "com.apple.product-type.application";
		};
/* End PBXNativeTarget section */

/* Begin PBXProject section */
		58396ECB2487E856005A2E83 /* Project object */ = {
			isa = PBXProject;
			attributes = {
				LastSwiftUpdateCheck = 1140;
				LastUpgradeCheck = 1140;
				ORGANIZATIONNAME = "Narayan inc.";
				TargetAttributes = {
					58396ED22487E856005A2E83 = {
						CreatedOnToolsVersion = 11.4.1;
					};
				};
			};
			buildConfigurationList = 58396ECE2487E856005A2E83 /* Build configuration list for PBXProject "Photo Gallery" */;
			compatibilityVersion = "Xcode 9.3";
			developmentRegion = en;
			hasScannedForEncodings = 0;
			knownRegions = (
				en,
				Base,
			);
			mainGroup = 58396ECA2487E856005A2E83;
			productRefGroup = 58396ED42487E856005A2E83 /* Products */;
			projectDirPath = "";
			projectRoot = "";
			targets = (
				58396ED22487E856005A2E83 /* Photo Gallery */,
			);
		};
/* End PBXProject section */

/* Begin PBXResourcesBuildPhase section */
		58396ED12487E856005A2E83 /* Resources */ = {
			isa = PBXResourcesBuildPhase;
			buildActionMask = 2147483647;
			files = (
				584D4BBA248BDF7800731872 /* person.json in Resources */,
				583F7A2C248AF50B00F349C3 /* email1.json in Resources */,
				58396EE32487E859005A2E83 /* LaunchScreen.storyboard in Resources */,
				583F7A2A248AE6AB00F349C3 /* email_title.json in Resources */,
				58396EE02487E859005A2E83 /* Assets.xcassets in Resources */,
			);
			runOnlyForDeploymentPostprocessing = 0;
		};
/* End PBXResourcesBuildPhase section */

/* Begin PBXShellScriptBuildPhase section */
		6CD5B5E986927C03F19BF7C3 /* [CP] Check Pods Manifest.lock */ = {
			isa = PBXShellScriptBuildPhase;
			buildActionMask = 2147483647;
			files = (
			);
			inputFileListPaths = (
			);
			inputPaths = (
				"${PODS_PODFILE_DIR_PATH}/Podfile.lock",
				"${PODS_ROOT}/Manifest.lock",
			);
			name = "[CP] Check Pods Manifest.lock";
			outputFileListPaths = (
			);
			outputPaths = (
				"$(DERIVED_FILE_DIR)/Pods-Photo Gallery-checkManifestLockResult.txt",
			);
			runOnlyForDeploymentPostprocessing = 0;
			shellPath = /bin/sh;
			shellScript = "diff \"${PODS_PODFILE_DIR_PATH}/Podfile.lock\" \"${PODS_ROOT}/Manifest.lock\" > /dev/null\nif [ $? != 0 ] ; then\n    # print error to STDERR\n    echo \"error: The sandbox is not in sync with the Podfile.lock. Run 'pod install' or update your CocoaPods installation.\" >&2\n    exit 1\nfi\n# This output is used by Xcode 'outputs' to avoid re-running this script phase.\necho \"SUCCESS\" > \"${SCRIPT_OUTPUT_FILE_0}\"\n";
			showEnvVarsInLog = 0;
		};
		72459FF008195C1E2D71EFF1 /* [CP] Embed Pods Frameworks */ = {
			isa = PBXShellScriptBuildPhase;
			buildActionMask = 2147483647;
			files = (
			);
			inputFileListPaths = (
				"${PODS_ROOT}/Target Support Files/Pods-Photo Gallery/Pods-Photo Gallery-frameworks-${CONFIGURATION}-input-files.xcfilelist",
			);
			name = "[CP] Embed Pods Frameworks";
			outputFileListPaths = (
				"${PODS_ROOT}/Target Support Files/Pods-Photo Gallery/Pods-Photo Gallery-frameworks-${CONFIGURATION}-output-files.xcfilelist",
			);
			runOnlyForDeploymentPostprocessing = 0;
			shellPath = /bin/sh;
			shellScript = "\"${PODS_ROOT}/Target Support Files/Pods-Photo Gallery/Pods-Photo Gallery-frameworks.sh\"\n";
			showEnvVarsInLog = 0;
		};
/* End PBXShellScriptBuildPhase section */

/* Begin PBXSourcesBuildPhase section */
		58396ECF2487E856005A2E83 /* Sources */ = {
			isa = PBXSourcesBuildPhase;
			buildActionMask = 2147483647;
			files = (
				58396EDB2487E856005A2E83 /* ProfileVC.swift in Sources */,
				58396ED72487E856005A2E83 /* AppDelegate.swift in Sources */,
				58396ED92487E856005A2E83 /* SceneDelegate.swift in Sources */,
				58CE20DF248D870D0092D9A0 /* ProfileHeader.swift in Sources */,
				58396EEB2487EDBF005A2E83 /* ViewAnchorExtension.swift in Sources */,
			);
			runOnlyForDeploymentPostprocessing = 0;
		};
/* End PBXSourcesBuildPhase section */

/* Begin PBXVariantGroup section */
		58396EE12487E859005A2E83 /* LaunchScreen.storyboard */ = {
			isa = PBXVariantGroup;
			children = (
				58396EE22487E859005A2E83 /* Base */,
			);
			name = LaunchScreen.storyboard;
			sourceTree = "<group>";
		};
/* End PBXVariantGroup section */

/* Begin XCBuildConfiguration section */
		58396EE52487E859005A2E83 /* Debug */ = {
			isa = XCBuildConfiguration;
			buildSettings = {
				ALWAYS_SEARCH_USER_PATHS = NO;
				CLANG_ANALYZER_NONNULL = YES;
				CLANG_ANALYZER_NUMBER_OBJECT_CONVERSION = YES_AGGRESSIVE;
				CLANG_CXX_LANGUAGE_STANDARD = "gnu++14";
				CLANG_CXX_LIBRARY = "libc++";
				CLANG_ENABLE_MODULES = YES;
				CLANG_ENABLE_OBJC_ARC = YES;
				CLANG_ENABLE_OBJC_WEAK = YES;
				CLANG_WARN_BLOCK_CAPTURE_AUTORELEASING = YES;
				CLANG_WARN_BOOL_CONVERSION = YES;
				CLANG_WARN_COMMA = YES;
				CLANG_WARN_CONSTANT_CONVERSION = YES;
				CLANG_WARN_DEPRECATED_OBJC_IMPLEMENTATIONS = YES;
				CLANG_WARN_DIRECT_OBJC_ISA_USAGE = YES_ERROR;
				CLANG_WARN_DOCUMENTATION_COMMENTS = YES;
				CLANG_WARN_EMPTY_BODY = YES;
				CLANG_WARN_ENUM_CONVERSION = YES;
				CLANG_WARN_INFINITE_RECURSION = YES;
				CLANG_WARN_INT_CONVERSION = YES;
				CLANG_WARN_NON_LITERAL_NULL_CONVERSION = YES;
				CLANG_WARN_OBJC_IMPLICIT_RETAIN_SELF = YES;
				CLANG_WARN_OBJC_LITERAL_CONVERSION = YES;
				CLANG_WARN_OBJC_ROOT_CLASS = YES_ERROR;
				CLANG_WARN_RANGE_LOOP_ANALYSIS = YES;
				CLANG_WARN_STRICT_PROTOTYPES = YES;
				CLANG_WARN_SUSPICIOUS_MOVE = YES;
				CLANG_WARN_UNGUARDED_AVAILABILITY = YES_AGGRESSIVE;
				CLANG_WARN_UNREACHABLE_CODE = YES;
				CLANG_WARN__DUPLICATE_METHOD_MATCH = YES;
				COPY_PHASE_STRIP = NO;
				DEBUG_INFORMATION_FORMAT = dwarf;
				ENABLE_STRICT_OBJC_MSGSEND = YES;
				ENABLE_TESTABILITY = YES;
				GCC_C_LANGUAGE_STANDARD = gnu11;
				GCC_DYNAMIC_NO_PIC = NO;
				GCC_NO_COMMON_BLOCKS = YES;
				GCC_OPTIMIZATION_LEVEL = 0;
				GCC_PREPROCESSOR_DEFINITIONS = (
					"DEBUG=1",
					"$(inherited)",
				);
				GCC_WARN_64_TO_32_BIT_CONVERSION = YES;
				GCC_WARN_ABOUT_RETURN_TYPE = YES_ERROR;
				GCC_WARN_UNDECLARED_SELECTOR = YES;
				GCC_WARN_UNINITIALIZED_AUTOS = YES_AGGRESSIVE;
				GCC_WARN_UNUSED_FUNCTION = YES;
				GCC_WARN_UNUSED_VARIABLE = YES;
				IPHONEOS_DEPLOYMENT_TARGET = 13.4;
				MTL_ENABLE_DEBUG_INFO = INCLUDE_SOURCE;
				MTL_FAST_MATH = YES;
				ONLY_ACTIVE_ARCH = YES;
				SDKROOT = iphoneos;
				SWIFT_ACTIVE_COMPILATION_CONDITIONS = DEBUG;
				SWIFT_OPTIMIZATION_LEVEL = "-Onone";
			};
			name = Debug;
		};
		58396EE62487E859005A2E83 /* Release */ = {
			isa = XCBuildConfiguration;
			buildSettings = {
				ALWAYS_SEARCH_USER_PATHS = NO;
				CLANG_ANALYZER_NONNULL = YES;
				CLANG_ANALYZER_NUMBER_OBJECT_CONVERSION = YES_AGGRESSIVE;
				CLANG_CXX_LANGUAGE_STANDARD = "gnu++14";
				CLANG_CXX_LIBRARY = "libc++";
				CLANG_ENABLE_MODULES = YES;
				CLANG_ENABLE_OBJC_ARC = YES;
				CLANG_ENABLE_OBJC_WEAK = YES;
				CLANG_WARN_BLOCK_CAPTURE_AUTORELEASING = YES;
				CLANG_WARN_BOOL_CONVERSION = YES;
				CLANG_WARN_COMMA = YES;
				CLANG_WARN_CONSTANT_CONVERSION = YES;
				CLANG_WARN_DEPRECATED_OBJC_IMPLEMENTATIONS = YES;
				CLANG_WARN_DIRECT_OBJC_ISA_USAGE = YES_ERROR;
				CLANG_WARN_DOCUMENTATION_COMMENTS = YES;
				CLANG_WARN_EMPTY_BODY = YES;
				CLANG_WARN_ENUM_CONVERSION = YES;
				CLANG_WARN_INFINITE_RECURSION = YES;
				CLANG_WARN_INT_CONVERSION = YES;
				CLANG_WARN_NON_LITERAL_NULL_CONVERSION = YES;
				CLANG_WARN_OBJC_IMPLICIT_RETAIN_SELF = YES;
				CLANG_WARN_OBJC_LITERAL_CONVERSION = YES;
				CLANG_WARN_OBJC_ROOT_CLASS = YES_ERROR;
				CLANG_WARN_RANGE_LOOP_ANALYSIS = YES;
				CLANG_WARN_STRICT_PROTOTYPES = YES;
				CLANG_WARN_SUSPICIOUS_MOVE = YES;
				CLANG_WARN_UNGUARDED_AVAILABILITY = YES_AGGRESSIVE;
				CLANG_WARN_UNREACHABLE_CODE = YES;
				CLANG_WARN__DUPLICATE_METHOD_MATCH = YES;
				COPY_PHASE_STRIP = NO;
				DEBUG_INFORMATION_FORMAT = "dwarf-with-dsym";
				ENABLE_NS_ASSERTIONS = NO;
				ENABLE_STRICT_OBJC_MSGSEND = YES;
				GCC_C_LANGUAGE_STANDARD = gnu11;
				GCC_NO_COMMON_BLOCKS = YES;
				GCC_WARN_64_TO_32_BIT_CONVERSION = YES;
				GCC_WARN_ABOUT_RETURN_TYPE = YES_ERROR;
				GCC_WARN_UNDECLARED_SELECTOR = YES;
				GCC_WARN_UNINITIALIZED_AUTOS = YES_AGGRESSIVE;
				GCC_WARN_UNUSED_FUNCTION = YES;
				GCC_WARN_UNUSED_VARIABLE = YES;
				IPHONEOS_DEPLOYMENT_TARGET = 13.4;
				MTL_ENABLE_DEBUG_INFO = NO;
				MTL_FAST_MATH = YES;
				SDKROOT = iphoneos;
				SWIFT_COMPILATION_MODE = wholemodule;
				SWIFT_OPTIMIZATION_LEVEL = "-O";
				VALIDATE_PRODUCT = YES;
			};
			name = Release;
		};
		58396EE82487E859005A2E83 /* Debug */ = {
			isa = XCBuildConfiguration;
			baseConfigurationReference = 3C8746F1043C807660E43EA9 /* Pods-Photo Gallery.debug.xcconfig */;
			buildSettings = {
				ASSETCATALOG_COMPILER_APPICON_NAME = AppIcon;
				CODE_SIGN_STYLE = Automatic;
				DEVELOPMENT_TEAM = 4MQC7PD9AU;
				INFOPLIST_FILE = "Photo Gallery/Info.plist";
				IPHONEOS_DEPLOYMENT_TARGET = 13.0;
				LD_RUNPATH_SEARCH_PATHS = (
					"$(inherited)",
					"@executable_path/Frameworks",
				);
				PRODUCT_BUNDLE_IDENTIFIER = "com.amith156.Photo-Gallery";
				PRODUCT_NAME = "$(TARGET_NAME)";
				SWIFT_VERSION = 5.0;
				TARGETED_DEVICE_FAMILY = "1,2";
			};
			name = Debug;
		};
		58396EE92487E859005A2E83 /* Release */ = {
			isa = XCBuildConfiguration;
			baseConfigurationReference = 9B4763E2441298FD1C3F1CF1 /* Pods-Photo Gallery.release.xcconfig */;
			buildSettings = {
				ASSETCATALOG_COMPILER_APPICON_NAME = AppIcon;
				CODE_SIGN_STYLE = Automatic;
				DEVELOPMENT_TEAM = 4MQC7PD9AU;
				INFOPLIST_FILE = "Photo Gallery/Info.plist";
				IPHONEOS_DEPLOYMENT_TARGET = 13.0;
				LD_RUNPATH_SEARCH_PATHS = (
					"$(inherited)",
					"@executable_path/Frameworks",
				);
				PRODUCT_BUNDLE_IDENTIFIER = "com.amith156.Photo-Gallery";
				PRODUCT_NAME = "$(TARGET_NAME)";
				SWIFT_VERSION = 5.0;
				TARGETED_DEVICE_FAMILY = "1,2";
			};
			name = Release;
		};
/* End XCBuildConfiguration section */

/* Begin XCConfigurationList section */
		58396ECE2487E856005A2E83 /* Build configuration list for PBXProject "Photo Gallery" */ = {
			isa = XCConfigurationList;
			buildConfigurations = (
				58396EE52487E859005A2E83 /* Debug */,
				58396EE62487E859005A2E83 /* Release */,
			);
			defaultConfigurationIsVisible = 0;
			defaultConfigurationName = Release;
		};
		58396EE72487E859005A2E83 /* Build configuration list for PBXNativeTarget "Photo Gallery" */ = {
			isa = XCConfigurationList;
			buildConfigurations = (
				58396EE82487E859005A2E83 /* Debug */,
				58396EE92487E859005A2E83 /* Release */,
			);
			defaultConfigurationIsVisible = 0;
			defaultConfigurationName = Release;
		};
/* End XCConfigurationList section */
	};
	rootObject = 58396ECB2487E856005A2E83 /* Project object */;
}
